
Microsoft Visual Studio Solution File, Format Version 12.00
# Visual Studio 15
VisualStudioVersion = 15.0.28010.2016
MinimumVisualStudioVersion = 10.0.40219.1
Project("{FAE04EC0-301F-11D3-BF4B-00C04F79EFBC}") = "com.huperoon.huperoonapp.Android", "com.huperoon.huperoonapp\com.huperoon.huperoonapp.Android\com.huperoon.huperoonapp.Android.csproj", "{4F2BA57F-802C-42B5-8330-04B03D9CD9DC}"
EndProject
Project("{FAE04EC0-301F-11D3-BF4B-00C04F79EFBC}") = "com.huperoon.huperoonapp.iOS", "com.huperoon.huperoonapp\com.huperoon.huperoonapp.iOS\com.huperoon.huperoonapp.iOS.csproj", "{ABC8BA0B-1671-477C-9DAD-000A1FA2B17C}"
EndProject
Project("{FAE04EC0-301F-11D3-BF4B-00C04F79EFBC}") = "com.huperoon.huperoonapp", "com.huperoon.huperoonapp\com.huperoon.huperoonapp\com.huperoon.huperoonapp.csproj", "{85CFD8BD-DA34-439B-91E9-EB694B1BE6D1}"
EndProject
Global
	GlobalSection(SolutionConfigurationPlatforms) = preSolution
		Ad-Hoc|Any CPU = Ad-Hoc|Any CPU
		Ad-Hoc|iPhone = Ad-Hoc|iPhone
		Ad-Hoc|iPhoneSimulator = Ad-Hoc|iPhoneSimulator
		AppStore|Any CPU = AppStore|Any CPU
		AppStore|iPhone = AppStore|iPhone
		AppStore|iPhoneSimulator = AppStore|iPhoneSimulator
		Debug|Any CPU = Debug|Any CPU
		Debug|iPhone = Debug|iPhone
		Debug|iPhoneSimulator = Debug|iPhoneSimulator
		Release|Any CPU = Release|Any CPU
		Release|iPhone = Release|iPhone
		Release|iPhoneSimulator = Release|iPhoneSimulator
	EndGlobalSection
	GlobalSection(ProjectConfigurationPlatforms) = postSolution
		{4F2BA57F-802C-42B5-8330-04B03D9CD9DC}.Ad-Hoc|Any CPU.ActiveCfg = Release|Any CPU
		{4F2BA57F-802C-42B5-8330-04B03D9CD9DC}.Ad-Hoc|Any CPU.Build.0 = Release|Any CPU
		{4F2BA57F-802C-42B5-8330-04B03D9CD9DC}.Ad-Hoc|Any CPU.Deploy.0 = Release|Any CPU
		{4F2BA57F-802C-42B5-8330-04B03D9CD9DC}.Ad-Hoc|iPhone.ActiveCfg = Release|Any CPU
		{4F2BA57F-802C-42B5-8330-04B03D9CD9DC}.Ad-Hoc|iPhone.Build.0 = Release|Any CPU
		{4F2BA57F-802C-42B5-8330-04B03D9CD9DC}.Ad-Hoc|iPhone.Deploy.0 = Release|Any CPU
		{4F2BA57F-802C-42B5-8330-04B03D9CD9DC}.Ad-Hoc|iPhoneSimulator.ActiveCfg = Release|Any CPU
		{4F2BA57F-802C-42B5-8330-04B03D9CD9DC}.Ad-Hoc|iPhoneSimulator.Build.0 = Release|Any CPU
		{4F2BA57F-802C-42B5-8330-04B03D9CD9DC}.Ad-Hoc|iPhoneSimulator.Deploy.0 = Release|Any CPU
		{4F2BA57F-802C-42B5-8330-04B03D9CD9DC}.AppStore|Any CPU.ActiveCfg = Release|Any CPU
		{4F2BA57F-802C-42B5-8330-04B03D9CD9DC}.AppStore|Any CPU.Build.0 = Release|Any CPU
		{4F2BA57F-802C-42B5-8330-04B03D9CD9DC}.AppStore|Any CPU.Deploy.0 = Release|Any CPU
		{4F2BA57F-802C-42B5-8330-04B03D9CD9DC}.AppStore|iPhone.ActiveCfg = Release|Any CPU
		{4F2BA57F-802C-42B5-8330-04B03D9CD9DC}.AppStore|iPhone.Build.0 = Release|Any CPU
		{4F2BA57F-802C-42B5-8330-04B03D9CD9DC}.AppStore|iPhone.Deploy.0 = Release|Any CPU
		{4F2BA57F-802C-42B5-8330-04B03D9CD9DC}.AppStore|iPhoneSimulator.ActiveCfg = Release|Any CPU
		{4F2BA57F-802C-42B5-8330-04B03D9CD9DC}.AppStore|iPhoneSimulator.Build.0 = Release|Any CPU
		{4F2BA57F-802C-42B5-8330-04B03D9CD9DC}.AppStore|iPhoneSimulator.Deploy.0 = Release|Any CPU
		{4F2BA57F-802C-42B5-8330-04B03D9CD9DC}.Debug|Any CPU.ActiveCfg = Debug|Any CPU
		{4F2BA57F-802C-42B5-8330-04B03D9CD9DC}.Debug|Any CPU.Build.0 = Debug|Any CPU
		{4F2BA57F-802C-42B5-8330-04B03D9CD9DC}.Debug|Any CPU.Deploy.0 = Debug|Any CPU
		{4F2BA57F-802C-42B5-8330-04B03D9CD9DC}.Debug|iPhone.ActiveCfg = Debug|Any CPU
		{4F2BA57F-802C-42B5-8330-04B03D9CD9DC}.Debug|iPhone.Build.0 = Debug|Any CPU
		{4F2BA57F-802C-42B5-8330-04B03D9CD9DC}.Debug|iPhone.Deploy.0 = Debug|Any CPU
		{4F2BA57F-802C-42B5-8330-04B03D9CD9DC}.Debug|iPhoneSimulator.ActiveCfg = Debug|Any CPU
		{4F2BA57F-802C-42B5-8330-04B03D9CD9DC}.Debug|iPhoneSimulator.Build.0 = Debug|Any CPU
		{4F2BA57F-802C-42B5-8330-04B03D9CD9DC}.Debug|iPhoneSimulator.Deploy.0 = Debug|Any CPU
		{4F2BA57F-802C-42B5-8330-04B03D9CD9DC}.Release|Any CPU.ActiveCfg = Release|Any CPU
		{4F2BA57F-802C-42B5-8330-04B03D9CD9DC}.Release|Any CPU.Build.0 = Release|Any CPU
		{4F2BA57F-802C-42B5-8330-04B03D9CD9DC}.Release|Any CPU.Deploy.0 = Release|Any CPU
		{4F2BA57F-802C-42B5-8330-04B03D9CD9DC}.Release|iPhone.ActiveCfg = Release|Any CPU
		{4F2BA57F-802C-42B5-8330-04B03D9CD9DC}.Release|iPhone.Build.0 = Release|Any CPU
		{4F2BA57F-802C-42B5-8330-04B03D9CD9DC}.Release|iPhone.Deploy.0 = Release|Any CPU
		{4F2BA57F-802C-42B5-8330-04B03D9CD9DC}.Release|iPhoneSimulator.ActiveCfg = Release|Any CPU
		{4F2BA57F-802C-42B5-8330-04B03D9CD9DC}.Release|iPhoneSimulator.Build.0 = Release|Any CPU
		{4F2BA57F-802C-42B5-8330-04B03D9CD9DC}.Release|iPhoneSimulator.Deploy.0 = Release|Any CPU
		{ABC8BA0B-1671-477C-9DAD-000A1FA2B17C}.Ad-Hoc|Any CPU.ActiveCfg = Ad-Hoc|iPhone
		{ABC8BA0B-1671-477C-9DAD-000A1FA2B17C}.Ad-Hoc|Any CPU.Build.0 = Ad-Hoc|iPhone
		{ABC8BA0B-1671-477C-9DAD-000A1FA2B17C}.Ad-Hoc|Any CPU.Deploy.0 = Ad-Hoc|iPhone
		{ABC8BA0B-1671-477C-9DAD-000A1FA2B17C}.Ad-Hoc|iPhone.ActiveCfg = Ad-Hoc|iPhone
		{ABC8BA0B-1671-477C-9DAD-000A1FA2B17C}.Ad-Hoc|iPhone.Build.0 = Ad-Hoc|iPhone
		{ABC8BA0B-1671-477C-9DAD-000A1FA2B17C}.Ad-Hoc|iPhone.Deploy.0 = Ad-Hoc|iPhone
		{ABC8BA0B-1671-477C-9DAD-000A1FA2B17C}.Ad-Hoc|iPhoneSimulator.ActiveCfg = Ad-Hoc|iPhoneSimulator
		{ABC8BA0B-1671-477C-9DAD-000A1FA2B17C}.Ad-Hoc|iPhoneSimulator.Build.0 = Ad-Hoc|iPhoneSimulator
		{ABC8BA0B-1671-477C-9DAD-000A1FA2B17C}.Ad-Hoc|iPhoneSimulator.Deploy.0 = Ad-Hoc|iPhoneSimulator
		{ABC8BA0B-1671-477C-9DAD-000A1FA2B17C}.AppStore|Any CPU.ActiveCfg = AppStore|iPhone
		{ABC8BA0B-1671-477C-9DAD-000A1FA2B17C}.AppStore|Any CPU.Build.0 = AppStore|iPhone
		{ABC8BA0B-1671-477C-9DAD-000A1FA2B17C}.AppStore|Any CPU.Deploy.0 = AppStore|iPhone
		{ABC8BA0B-1671-477C-9DAD-000A1FA2B17C}.AppStore|iPhone.ActiveCfg = AppStore|iPhone
		{ABC8BA0B-1671-477C-9DAD-000A1FA2B17C}.AppStore|iPhone.Build.0 = AppStore|iPhone
		{ABC8BA0B-1671-477C-9DAD-000A1FA2B17C}.AppStore|iPhone.Deploy.0 = AppStore|iPhone
		{ABC8BA0B-1671-477C-9DAD-000A1FA2B17C}.AppStore|iPhoneSimulator.ActiveCfg = AppStore|iPhoneSimulator
		{ABC8BA0B-1671-477C-9DAD-000A1FA2B17C}.AppStore|iPhoneSimulator.Build.0 = AppStore|iPhoneSimulator
		{ABC8BA0B-1671-477C-9DAD-000A1FA2B17C}.AppStore|iPhoneSimulator.Deploy.0 = AppStore|iPhoneSimulator
		{ABC8BA0B-1671-477C-9DAD-000A1FA2B17C}.Debug|Any CPU.ActiveCfg = Debug|iPhoneSimulator
		{ABC8BA0B-1671-477C-9DAD-000A1FA2B17C}.Debug|Any CPU.Build.0 = Debug|iPhoneSimulator
		{ABC8BA0B-1671-477C-9DAD-000A1FA2B17C}.Debug|Any CPU.Deploy.0 = Debug|iPhoneSimulator
		{ABC8BA0B-1671-477C-9DAD-000A1FA2B17C}.Debug|iPhone.ActiveCfg = Debug|iPhone
		{ABC8BA0B-1671-477C-9DAD-000A1FA2B17C}.Debug|iPhone.Build.0 = Debug|iPhone
		{ABC8BA0B-1671-477C-9DAD-000A1FA2B17C}.Debug|iPhone.Deploy.0 = Debug|iPhone
		{ABC8BA0B-1671-477C-9DAD-000A1FA2B17C}.Debug|iPhoneSimulator.ActiveCfg = Debug|iPhoneSimulator
		{ABC8BA0B-1671-477C-9DAD-000A1FA2B17C}.Debug|iPhoneSimulator.Build.0 = Debug|iPhoneSimulator
		{ABC8BA0B-1671-477C-9DAD-000A1FA2B17C}.Debug|iPhoneSimulator.Deploy.0 = Debug|iPhoneSimulator
		{ABC8BA0B-1671-477C-9DAD-000A1FA2B17C}.Release|Any CPU.ActiveCfg = Release|iPhone
		{ABC8BA0B-1671-477C-9DAD-000A1FA2B17C}.Release|Any CPU.Build.0 = Release|iPhone
		{ABC8BA0B-1671-477C-9DAD-000A1FA2B17C}.Release|Any CPU.Deploy.0 = Release|iPhone
		{ABC8BA0B-1671-477C-9DAD-000A1FA2B17C}.Release|iPhone.ActiveCfg = Release|iPhone
		{ABC8BA0B-1671-477C-9DAD-000A1FA2B17C}.Release|iPhone.Build.0 = Release|iPhone
		{ABC8BA0B-1671-477C-9DAD-000A1FA2B17C}.Release|iPhone.Deploy.0 = Release|iPhone
		{ABC8BA0B-1671-477C-9DAD-000A1FA2B17C}.Release|iPhoneSimulator.ActiveCfg = Release|iPhoneSimulator
		{ABC8BA0B-1671-477C-9DAD-000A1FA2B17C}.Release|iPhoneSimulator.Build.0 = Release|iPhoneSimulator
		{ABC8BA0B-1671-477C-9DAD-000A1FA2B17C}.Release|iPhoneSimulator.Deploy.0 = Release|iPhoneSimulator
		{85CFD8BD-DA34-439B-91E9-EB694B1BE6D1}.Ad-Hoc|Any CPU.ActiveCfg = Debug|Any CPU
		{85CFD8BD-DA34-439B-91E9-EB694B1BE6D1}.Ad-Hoc|Any CPU.Build.0 = Debug|Any CPU
		{85CFD8BD-DA34-439B-91E9-EB694B1BE6D1}.Ad-Hoc|Any CPU.Deploy.0 = Debug|Any CPU
		{85CFD8BD-DA34-439B-91E9-EB694B1BE6D1}.Ad-Hoc|iPhone.ActiveCfg = Debug|Any CPU
		{85CFD8BD-DA34-439B-91E9-EB694B1BE6D1}.Ad-Hoc|iPhone.Build.0 = Debug|Any CPU
		{85CFD8BD-DA34-439B-91E9-EB694B1BE6D1}.Ad-Hoc|iPhone.Deploy.0 = Debug|Any CPU
		{85CFD8BD-DA34-439B-91E9-EB694B1BE6D1}.Ad-Hoc|iPhoneSimulator.ActiveCfg = Debug|Any CPU
		{85CFD8BD-DA34-439B-91E9-EB694B1BE6D1}.Ad-Hoc|iPhoneSimulator.Build.0 = Debug|Any CPU
		{85CFD8BD-DA34-439B-91E9-EB694B1BE6D1}.Ad-Hoc|iPhoneSimulator.Deploy.0 = Debug|Any CPU
		{85CFD8BD-DA34-439B-91E9-EB694B1BE6D1}.AppStore|Any CPU.ActiveCfg = Debug|Any CPU
		{85CFD8BD-DA34-439B-91E9-EB694B1BE6D1}.AppStore|Any CPU.Build.0 = Debug|Any CPU
		{85CFD8BD-DA34-439B-91E9-EB694B1BE6D1}.AppStore|Any CPU.Deploy.0 = Debug|Any CPU
		{85CFD8BD-DA34-439B-91E9-EB694B1BE6D1}.AppStore|iPhone.ActiveCfg = Debug|Any CPU
		{85CFD8BD-DA34-439B-91E9-EB694B1BE6D1}.AppStore|iPhone.Build.0 = Debug|Any CPU
		{85CFD8BD-DA34-439B-91E9-EB694B1BE6D1}.AppStore|iPhone.Deploy.0 = Debug|Any CPU
		{85CFD8BD-DA34-439B-91E9-EB694B1BE6D1}.AppStore|iPhoneSimulator.ActiveCfg = Debug|Any CPU
		{85CFD8BD-DA34-439B-91E9-EB694B1BE6D1}.AppStore|iPhoneSimulator.Build.0 = Debug|Any CPU
		{85CFD8BD-DA34-439B-91E9-EB694B1BE6D1}.AppStore|iPhoneSimulator.Deploy.0 = Debug|Any CPU
		{85CFD8BD-DA34-439B-91E9-EB694B1BE6D1}.Debug|Any CPU.ActiveCfg = Debug|Any CPU
		{85CFD8BD-DA34-439B-91E9-EB694B1BE6D1}.Debug|Any CPU.Build.0 = Debug|Any CPU
		{85CFD8BD-DA34-439B-91E9-EB694B1BE6D1}.Debug|Any CPU.Deploy.0 = Debug|Any CPU
		{85CFD8BD-DA34-439B-91E9-EB694B1BE6D1}.Debug|iPhone.ActiveCfg = Debug|Any CPU
		{85CFD8BD-DA34-439B-91E9-EB694B1BE6D1}.Debug|iPhone.Build.0 = Debug|Any CPU
		{85CFD8BD-DA34-439B-91E9-EB694B1BE6D1}.Debug|iPhone.Deploy.0 = Debug|Any CPU
		{85CFD8BD-DA34-439B-91E9-EB694B1BE6D1}.Debug|iPhoneSimulator.ActiveCfg = Debug|Any CPU
		{85CFD8BD-DA34-439B-91E9-EB694B1BE6D1}.Debug|iPhoneSimulator.Build.0 = Debug|Any CPU
		{85CFD8BD-DA34-439B-91E9-EB694B1BE6D1}.Debug|iPhoneSimulator.Deploy.0 = Debug|Any CPU
		{85CFD8BD-DA34-439B-91E9-EB694B1BE6D1}.Release|Any CPU.ActiveCfg = Release|Any CPU
		{85CFD8BD-DA34-439B-91E9-EB694B1BE6D1}.Release|Any CPU.Build.0 = Release|Any CPU
		{85CFD8BD-DA34-439B-91E9-EB694B1BE6D1}.Release|Any CPU.Deploy.0 = Release|Any CPU
		{85CFD8BD-DA34-439B-91E9-EB694B1BE6D1}.Release|iPhone.ActiveCfg = Release|Any CPU
		{85CFD8BD-DA34-439B-91E9-EB694B1BE6D1}.Release|iPhone.Build.0 = Release|Any CPU
		{85CFD8BD-DA34-439B-91E9-EB694B1BE6D1}.Release|iPhone.Deploy.0 = Release|Any CPU
		{85CFD8BD-DA34-439B-91E9-EB694B1BE6D1}.Release|iPhoneSimulator.ActiveCfg = Release|Any CPU
		{85CFD8BD-DA34-439B-91E9-EB694B1BE6D1}.Release|iPhoneSimulator.Build.0 = Release|Any CPU
		{85CFD8BD-DA34-439B-91E9-EB694B1BE6D1}.Release|iPhoneSimulator.Deploy.0 = Release|Any CPU
	EndGlobalSection
	GlobalSection(SolutionProperties) = preSolution
		HideSolutionNode = FALSE
	EndGlobalSection
	GlobalSection(ExtensibilityGlobals) = postSolution
		SolutionGuid = {4CBC314B-C006-4241-9FF4-B4D71D6A637D}
	EndGlobalSection
EndGlobal
